// !$*UTF8*$!
{
	archiveVersion = 1;
	classes = {
	};
	objectVersion = 46;
	objects = {

/* Begin PBXBuildFile section */
		408AE58B1EDF31A70070C398 /* AccountViewController.swift in Sources */ = {isa = PBXBuildFile; fileRef = 408AE58A1EDF31A70070C398 /* AccountViewController.swift */; };
		40DF47AE1EE14DD700399A6D /* ChangePasswordViewController.swift in Sources */ = {isa = PBXBuildFile; fileRef = 40DF47AD1EE14DD700399A6D /* ChangePasswordViewController.swift */; };
		40E47C571EDEA91B004994CF /* LoginViewController.swift in Sources */ = {isa = PBXBuildFile; fileRef = 40E47C561EDEA91B004994CF /* LoginViewController.swift */; };
		40F170A61EDC74E800209E9D /* AppDelegate.swift in Sources */ = {isa = PBXBuildFile; fileRef = 40F170A51EDC74E800209E9D /* AppDelegate.swift */; };
		40F170A81EDC74E800209E9D /* ViewController.swift in Sources */ = {isa = PBXBuildFile; fileRef = 40F170A71EDC74E800209E9D /* ViewController.swift */; };
		40F170AB1EDC74E800209E9D /* Main.storyboard in Resources */ = {isa = PBXBuildFile; fileRef = 40F170A91EDC74E800209E9D /* Main.storyboard */; };
		40F170AE1EDC74E800209E9D /* Mock_G03_Cinema.xcdatamodeld in Sources */ = {isa = PBXBuildFile; fileRef = 40F170AC1EDC74E800209E9D /* Mock_G03_Cinema.xcdatamodeld */; };
		40F170B01EDC74E800209E9D /* Assets.xcassets in Resources */ = {isa = PBXBuildFile; fileRef = 40F170AF1EDC74E800209E9D /* Assets.xcassets */; };
		40F170B31EDC74E800209E9D /* LaunchScreen.storyboard in Resources */ = {isa = PBXBuildFile; fileRef = 40F170B11EDC74E800209E9D /* LaunchScreen.storyboard */; };
		40F170BE1EDC74E900209E9D /* Mock_G03_CinemaTests.swift in Sources */ = {isa = PBXBuildFile; fileRef = 40F170BD1EDC74E900209E9D /* Mock_G03_CinemaTests.swift */; };
		40F170C91EDC74E900209E9D /* Mock_G03_CinemaUITests.swift in Sources */ = {isa = PBXBuildFile; fileRef = 40F170C81EDC74E900209E9D /* Mock_G03_CinemaUITests.swift */; };
		40F170D71EDC758000209E9D /* GoogleService-Info.plist in Resources */ = {isa = PBXBuildFile; fileRef = 40F170D61EDC758000209E9D /* GoogleService-Info.plist */; };
		40F9BF141EE076AC002FFF64 /* AddUserInfoViewController.swift in Sources */ = {isa = PBXBuildFile; fileRef = 40F9BF131EE076AC002FFF64 /* AddUserInfoViewController.swift */; };
		65F0837B6BD8BC36DFC11626 /* Pods_Mock_G03_Cinema.framework in Frameworks */ = {isa = PBXBuildFile; fileRef = 0C4B566EB7F8483F5D6923BB /* Pods_Mock_G03_Cinema.framework */; };
		9D5BA3CE23AC38A98CE97D91 /* Pods_Mock_G03_CinemaTests.framework in Frameworks */ = {isa = PBXBuildFile; fileRef = B2E77F415100800753BBDD12 /* Pods_Mock_G03_CinemaTests.framework */; };
		BEDD5ADDAF136556C072E347 /* Pods_Mock_G03_CinemaUITests.framework in Frameworks */ = {isa = PBXBuildFile; fileRef = 00B37FE4EB2A89430926DC7E /* Pods_Mock_G03_CinemaUITests.framework */; };
/* End PBXBuildFile section */

/* Begin PBXContainerItemProxy section */
		40F170BA1EDC74E900209E9D /* PBXContainerItemProxy */ = {
			isa = PBXContainerItemProxy;
			containerPortal = 40F1709A1EDC74E800209E9D /* Project object */;
			proxyType = 1;
			remoteGlobalIDString = 40F170A11EDC74E800209E9D;
			remoteInfo = Mock_G03_Cinema;
		};
		40F170C51EDC74E900209E9D /* PBXContainerItemProxy */ = {
			isa = PBXContainerItemProxy;
			containerPortal = 40F1709A1EDC74E800209E9D /* Project object */;
			proxyType = 1;
			remoteGlobalIDString = 40F170A11EDC74E800209E9D;
			remoteInfo = Mock_G03_Cinema;
		};
/* End PBXContainerItemProxy section */

/* Begin PBXFileReference section */
		00B37FE4EB2A89430926DC7E /* Pods_Mock_G03_CinemaUITests.framework */ = {isa = PBXFileReference; explicitFileType = wrapper.framework; includeInIndex = 0; path = Pods_Mock_G03_CinemaUITests.framework; sourceTree = BUILT_PRODUCTS_DIR; };
		0C4B566EB7F8483F5D6923BB /* Pods_Mock_G03_Cinema.framework */ = {isa = PBXFileReference; explicitFileType = wrapper.framework; includeInIndex = 0; path = Pods_Mock_G03_Cinema.framework; sourceTree = BUILT_PRODUCTS_DIR; };
		408AE58A1EDF31A70070C398 /* AccountViewController.swift */ = {isa = PBXFileReference; fileEncoding = 4; lastKnownFileType = sourcecode.swift; path = AccountViewController.swift; sourceTree = "<group>"; };
		40DF47AD1EE14DD700399A6D /* ChangePasswordViewController.swift */ = {isa = PBXFileReference; fileEncoding = 4; lastKnownFileType = sourcecode.swift; path = ChangePasswordViewController.swift; sourceTree = "<group>"; };
		40E47C561EDEA91B004994CF /* LoginViewController.swift */ = {isa = PBXFileReference; fileEncoding = 4; lastKnownFileType = sourcecode.swift; path = LoginViewController.swift; sourceTree = "<group>"; };
		40F170A21EDC74E800209E9D /* Mock_G03_Cinema.app */ = {isa = PBXFileReference; explicitFileType = wrapper.application; includeInIndex = 0; path = Mock_G03_Cinema.app; sourceTree = BUILT_PRODUCTS_DIR; };
		40F170A51EDC74E800209E9D /* AppDelegate.swift */ = {isa = PBXFileReference; lastKnownFileType = sourcecode.swift; path = AppDelegate.swift; sourceTree = "<group>"; };
		40F170A71EDC74E800209E9D /* ViewController.swift */ = {isa = PBXFileReference; lastKnownFileType = sourcecode.swift; path = ViewController.swift; sourceTree = "<group>"; };
		40F170AA1EDC74E800209E9D /* Base */ = {isa = PBXFileReference; lastKnownFileType = file.storyboard; name = Base; path = Base.lproj/Main.storyboard; sourceTree = "<group>"; };
		40F170AD1EDC74E800209E9D /* Mock_G03_Cinema.xcdatamodel */ = {isa = PBXFileReference; lastKnownFileType = wrapper.xcdatamodel; path = Mock_G03_Cinema.xcdatamodel; sourceTree = "<group>"; };
		40F170AF1EDC74E800209E9D /* Assets.xcassets */ = {isa = PBXFileReference; lastKnownFileType = folder.assetcatalog; path = Assets.xcassets; sourceTree = "<group>"; };
		40F170B21EDC74E800209E9D /* Base */ = {isa = PBXFileReference; lastKnownFileType = file.storyboard; name = Base; path = Base.lproj/LaunchScreen.storyboard; sourceTree = "<group>"; };
		40F170B41EDC74E800209E9D /* Info.plist */ = {isa = PBXFileReference; lastKnownFileType = text.plist.xml; path = Info.plist; sourceTree = "<group>"; };
		40F170B91EDC74E900209E9D /* Mock_G03_CinemaTests.xctest */ = {isa = PBXFileReference; explicitFileType = wrapper.cfbundle; includeInIndex = 0; path = Mock_G03_CinemaTests.xctest; sourceTree = BUILT_PRODUCTS_DIR; };
		40F170BD1EDC74E900209E9D /* Mock_G03_CinemaTests.swift */ = {isa = PBXFileReference; lastKnownFileType = sourcecode.swift; path = Mock_G03_CinemaTests.swift; sourceTree = "<group>"; };
		40F170BF1EDC74E900209E9D /* Info.plist */ = {isa = PBXFileReference; lastKnownFileType = text.plist.xml; path = Info.plist; sourceTree = "<group>"; };
		40F170C41EDC74E900209E9D /* Mock_G03_CinemaUITests.xctest */ = {isa = PBXFileReference; explicitFileType = wrapper.cfbundle; includeInIndex = 0; path = Mock_G03_CinemaUITests.xctest; sourceTree = BUILT_PRODUCTS_DIR; };
		40F170C81EDC74E900209E9D /* Mock_G03_CinemaUITests.swift */ = {isa = PBXFileReference; lastKnownFileType = sourcecode.swift; path = Mock_G03_CinemaUITests.swift; sourceTree = "<group>"; };
		40F170CA1EDC74E900209E9D /* Info.plist */ = {isa = PBXFileReference; lastKnownFileType = text.plist.xml; path = Info.plist; sourceTree = "<group>"; };
		40F170D61EDC758000209E9D /* GoogleService-Info.plist */ = {isa = PBXFileReference; fileEncoding = 4; lastKnownFileType = text.plist.xml; path = "GoogleService-Info.plist"; sourceTree = "<group>"; };
		40F9BF131EE076AC002FFF64 /* AddUserInfoViewController.swift */ = {isa = PBXFileReference; fileEncoding = 4; lastKnownFileType = sourcecode.swift; path = AddUserInfoViewController.swift; sourceTree = "<group>"; };
		4CEA60C00F86DB4E5A9010EF /* Pods-Mock_G03_Cinema.release.xcconfig */ = {isa = PBXFileReference; includeInIndex = 1; lastKnownFileType = text.xcconfig; name = "Pods-Mock_G03_Cinema.release.xcconfig"; path = "Pods/Target Support Files/Pods-Mock_G03_Cinema/Pods-Mock_G03_Cinema.release.xcconfig"; sourceTree = "<group>"; };
		51712D05FEC20ECCA54D249A /* Pods-Mock_G03_CinemaTests.debug.xcconfig */ = {isa = PBXFileReference; includeInIndex = 1; lastKnownFileType = text.xcconfig; name = "Pods-Mock_G03_CinemaTests.debug.xcconfig"; path = "Pods/Target Support Files/Pods-Mock_G03_CinemaTests/Pods-Mock_G03_CinemaTests.debug.xcconfig"; sourceTree = "<group>"; };
		5734147500B31A0A23140EEE /* Pods-Mock_G03_CinemaUITests.release.xcconfig */ = {isa = PBXFileReference; includeInIndex = 1; lastKnownFileType = text.xcconfig; name = "Pods-Mock_G03_CinemaUITests.release.xcconfig"; path = "Pods/Target Support Files/Pods-Mock_G03_CinemaUITests/Pods-Mock_G03_CinemaUITests.release.xcconfig"; sourceTree = "<group>"; };
		A4784D4000FE7AF1C742AE0B /* Pods-Mock_G03_CinemaTests.release.xcconfig */ = {isa = PBXFileReference; includeInIndex = 1; lastKnownFileType = text.xcconfig; name = "Pods-Mock_G03_CinemaTests.release.xcconfig"; path = "Pods/Target Support Files/Pods-Mock_G03_CinemaTests/Pods-Mock_G03_CinemaTests.release.xcconfig"; sourceTree = "<group>"; };
		B2E77F415100800753BBDD12 /* Pods_Mock_G03_CinemaTests.framework */ = {isa = PBXFileReference; explicitFileType = wrapper.framework; includeInIndex = 0; path = Pods_Mock_G03_CinemaTests.framework; sourceTree = BUILT_PRODUCTS_DIR; };
		BBD621626F6F23B5F544373E /* Pods-Mock_G03_Cinema.debug.xcconfig */ = {isa = PBXFileReference; includeInIndex = 1; lastKnownFileType = text.xcconfig; name = "Pods-Mock_G03_Cinema.debug.xcconfig"; path = "Pods/Target Support Files/Pods-Mock_G03_Cinema/Pods-Mock_G03_Cinema.debug.xcconfig"; sourceTree = "<group>"; };
		F7B2B9F5ABBAA4169E49B300 /* Pods-Mock_G03_CinemaUITests.debug.xcconfig */ = {isa = PBXFileReference; includeInIndex = 1; lastKnownFileType = text.xcconfig; name = "Pods-Mock_G03_CinemaUITests.debug.xcconfig"; path = "Pods/Target Support Files/Pods-Mock_G03_CinemaUITests/Pods-Mock_G03_CinemaUITests.debug.xcconfig"; sourceTree = "<group>"; };
/* End PBXFileReference section */

/* Begin PBXFrameworksBuildPhase section */
		40F1709F1EDC74E800209E9D /* Frameworks */ = {
			isa = PBXFrameworksBuildPhase;
			buildActionMask = 2147483647;
			files = (
				65F0837B6BD8BC36DFC11626 /* Pods_Mock_G03_Cinema.framework in Frameworks */,
			);
			runOnlyForDeploymentPostprocessing = 0;
		};
		40F170B61EDC74E900209E9D /* Frameworks */ = {
			isa = PBXFrameworksBuildPhase;
			buildActionMask = 2147483647;
			files = (
				9D5BA3CE23AC38A98CE97D91 /* Pods_Mock_G03_CinemaTests.framework in Frameworks */,
			);
			runOnlyForDeploymentPostprocessing = 0;
		};
		40F170C11EDC74E900209E9D /* Frameworks */ = {
			isa = PBXFrameworksBuildPhase;
			buildActionMask = 2147483647;
			files = (
				BEDD5ADDAF136556C072E347 /* Pods_Mock_G03_CinemaUITests.framework in Frameworks */,
			);
			runOnlyForDeploymentPostprocessing = 0;
		};
/* End PBXFrameworksBuildPhase section */

/* Begin PBXGroup section */
		40F170991EDC74E800209E9D = {
			isa = PBXGroup;
			children = (
				40F170A41EDC74E800209E9D /* Mock_G03_Cinema */,
				40F170BC1EDC74E900209E9D /* Mock_G03_CinemaTests */,
				40F170C71EDC74E900209E9D /* Mock_G03_CinemaUITests */,
				40F170A31EDC74E800209E9D /* Products */,
				CB5B1A1D89A4E4C73A8D66DA /* Pods */,
				60D1A48EA81EE944B99F7A7A /* Frameworks */,
			);
			sourceTree = "<group>";
		};
		40F170A31EDC74E800209E9D /* Products */ = {
			isa = PBXGroup;
			children = (
				40F170A21EDC74E800209E9D /* Mock_G03_Cinema.app */,
				40F170B91EDC74E900209E9D /* Mock_G03_CinemaTests.xctest */,
				40F170C41EDC74E900209E9D /* Mock_G03_CinemaUITests.xctest */,
			);
			name = Products;
			sourceTree = "<group>";
		};
		40F170A41EDC74E800209E9D /* Mock_G03_Cinema */ = {
			isa = PBXGroup;
			children = (
				40F170A51EDC74E800209E9D /* AppDelegate.swift */,
				40F170A91EDC74E800209E9D /* Main.storyboard */,
				40F170AF1EDC74E800209E9D /* Assets.xcassets */,
				40F170B11EDC74E800209E9D /* LaunchScreen.storyboard */,
				40F170B41EDC74E800209E9D /* Info.plist */,
				40F170AC1EDC74E800209E9D /* Mock_G03_Cinema.xcdatamodeld */,
				40F170D61EDC758000209E9D /* GoogleService-Info.plist */,
				40F170A71EDC74E800209E9D /* ViewController.swift */,
				40E47C561EDEA91B004994CF /* LoginViewController.swift */,
				408AE58A1EDF31A70070C398 /* AccountViewController.swift */,
				40F9BF131EE076AC002FFF64 /* AddUserInfoViewController.swift */,
				40DF47AD1EE14DD700399A6D /* ChangePasswordViewController.swift */,
			);
			path = Mock_G03_Cinema;
			sourceTree = "<group>";
		};
		40F170BC1EDC74E900209E9D /* Mock_G03_CinemaTests */ = {
			isa = PBXGroup;
			children = (
				40F170BD1EDC74E900209E9D /* Mock_G03_CinemaTests.swift */,
				40F170BF1EDC74E900209E9D /* Info.plist */,
			);
			path = Mock_G03_CinemaTests;
			sourceTree = "<group>";
		};
		40F170C71EDC74E900209E9D /* Mock_G03_CinemaUITests */ = {
			isa = PBXGroup;
			children = (
				40F170C81EDC74E900209E9D /* Mock_G03_CinemaUITests.swift */,
				40F170CA1EDC74E900209E9D /* Info.plist */,
			);
			path = Mock_G03_CinemaUITests;
			sourceTree = "<group>";
		};
		60D1A48EA81EE944B99F7A7A /* Frameworks */ = {
			isa = PBXGroup;
			children = (
				0C4B566EB7F8483F5D6923BB /* Pods_Mock_G03_Cinema.framework */,
				B2E77F415100800753BBDD12 /* Pods_Mock_G03_CinemaTests.framework */,
				00B37FE4EB2A89430926DC7E /* Pods_Mock_G03_CinemaUITests.framework */,
			);
			name = Frameworks;
			sourceTree = "<group>";
		};
		CB5B1A1D89A4E4C73A8D66DA /* Pods */ = {
			isa = PBXGroup;
			children = (
				BBD621626F6F23B5F544373E /* Pods-Mock_G03_Cinema.debug.xcconfig */,
				4CEA60C00F86DB4E5A9010EF /* Pods-Mock_G03_Cinema.release.xcconfig */,
				51712D05FEC20ECCA54D249A /* Pods-Mock_G03_CinemaTests.debug.xcconfig */,
				A4784D4000FE7AF1C742AE0B /* Pods-Mock_G03_CinemaTests.release.xcconfig */,
				F7B2B9F5ABBAA4169E49B300 /* Pods-Mock_G03_CinemaUITests.debug.xcconfig */,
				5734147500B31A0A23140EEE /* Pods-Mock_G03_CinemaUITests.release.xcconfig */,
			);
			name = Pods;
			sourceTree = "<group>";
		};
/* End PBXGroup section */

/* Begin PBXNativeTarget section */
		40F170A11EDC74E800209E9D /* Mock_G03_Cinema */ = {
			isa = PBXNativeTarget;
			buildConfigurationList = 40F170CD1EDC74E900209E9D /* Build configuration list for PBXNativeTarget "Mock_G03_Cinema" */;
			buildPhases = (
				DBB6F0596BBEF203A42059DD /* [CP] Check Pods Manifest.lock */,
				40F1709E1EDC74E800209E9D /* Sources */,
				40F1709F1EDC74E800209E9D /* Frameworks */,
				40F170A01EDC74E800209E9D /* Resources */,
				B38505EE275D22DA0861067E /* [CP] Embed Pods Frameworks */,
				07C41CE1D7BCA16E6AD093CC /* [CP] Copy Pods Resources */,
			);
			buildRules = (
			);
			dependencies = (
			);
			name = Mock_G03_Cinema;
			productName = Mock_G03_Cinema;
			productReference = 40F170A21EDC74E800209E9D /* Mock_G03_Cinema.app */;
			productType = "com.apple.product-type.application";
		};
		40F170B81EDC74E900209E9D /* Mock_G03_CinemaTests */ = {
			isa = PBXNativeTarget;
			buildConfigurationList = 40F170D01EDC74E900209E9D /* Build configuration list for PBXNativeTarget "Mock_G03_CinemaTests" */;
			buildPhases = (
				DA2B35FA08B01A23C919842B /* [CP] Check Pods Manifest.lock */,
				40F170B51EDC74E900209E9D /* Sources */,
				40F170B61EDC74E900209E9D /* Frameworks */,
				40F170B71EDC74E900209E9D /* Resources */,
				48C9860E905194E61665FE98 /* [CP] Embed Pods Frameworks */,
				4A08C5CC77599B2B7863A03C /* [CP] Copy Pods Resources */,
			);
			buildRules = (
			);
			dependencies = (
				40F170BB1EDC74E900209E9D /* PBXTargetDependency */,
			);
			name = Mock_G03_CinemaTests;
			productName = Mock_G03_CinemaTests;
			productReference = 40F170B91EDC74E900209E9D /* Mock_G03_CinemaTests.xctest */;
			productType = "com.apple.product-type.bundle.unit-test";
		};
		40F170C31EDC74E900209E9D /* Mock_G03_CinemaUITests */ = {
			isa = PBXNativeTarget;
			buildConfigurationList = 40F170D31EDC74E900209E9D /* Build configuration list for PBXNativeTarget "Mock_G03_CinemaUITests" */;
			buildPhases = (
				FE618FB45080FF6151A3517C /* [CP] Check Pods Manifest.lock */,
				40F170C01EDC74E900209E9D /* Sources */,
				40F170C11EDC74E900209E9D /* Frameworks */,
				40F170C21EDC74E900209E9D /* Resources */,
				0D5CDB6B8AA90E9E7CABAE22 /* [CP] Embed Pods Frameworks */,
				909EEF43E7919FF7D66C6332 /* [CP] Copy Pods Resources */,
			);
			buildRules = (
			);
			dependencies = (
				40F170C61EDC74E900209E9D /* PBXTargetDependency */,
			);
			name = Mock_G03_CinemaUITests;
			productName = Mock_G03_CinemaUITests;
			productReference = 40F170C41EDC74E900209E9D /* Mock_G03_CinemaUITests.xctest */;
			productType = "com.apple.product-type.bundle.ui-testing";
		};
/* End PBXNativeTarget section */

/* Begin PBXProject section */
		40F1709A1EDC74E800209E9D /* Project object */ = {
			isa = PBXProject;
			attributes = {
				LastSwiftUpdateCheck = 0830;
				LastUpgradeCheck = 0830;
				ORGANIZATIONNAME = "Tran Van Tin";
				TargetAttributes = {
					40F170A11EDC74E800209E9D = {
						CreatedOnToolsVersion = 8.3;
						ProvisioningStyle = Automatic;
					};
					40F170B81EDC74E900209E9D = {
						CreatedOnToolsVersion = 8.3;
						ProvisioningStyle = Automatic;
						TestTargetID = 40F170A11EDC74E800209E9D;
					};
					40F170C31EDC74E900209E9D = {
						CreatedOnToolsVersion = 8.3;
						ProvisioningStyle = Automatic;
						TestTargetID = 40F170A11EDC74E800209E9D;
					};
				};
			};
			buildConfigurationList = 40F1709D1EDC74E800209E9D /* Build configuration list for PBXProject "Mock_G03_Cinema" */;
			compatibilityVersion = "Xcode 3.2";
			developmentRegion = English;
			hasScannedForEncodings = 0;
			knownRegions = (
				en,
				Base,
			);
			mainGroup = 40F170991EDC74E800209E9D;
			productRefGroup = 40F170A31EDC74E800209E9D /* Products */;
			projectDirPath = "";
			projectRoot = "";
			targets = (
				40F170A11EDC74E800209E9D /* Mock_G03_Cinema */,
				40F170B81EDC74E900209E9D /* Mock_G03_CinemaTests */,
				40F170C31EDC74E900209E9D /* Mock_G03_CinemaUITests */,
			);
		};
/* End PBXProject section */

/* Begin PBXResourcesBuildPhase section */
		40F170A01EDC74E800209E9D /* Resources */ = {
			isa = PBXResourcesBuildPhase;
			buildActionMask = 2147483647;
			files = (
				40F170B31EDC74E800209E9D /* LaunchScreen.storyboard in Resources */,
				40F170D71EDC758000209E9D /* GoogleService-Info.plist in Resources */,
				40F170B01EDC74E800209E9D /* Assets.xcassets in Resources */,
				40F170AB1EDC74E800209E9D /* Main.storyboard in Resources */,
			);
			runOnlyForDeploymentPostprocessing = 0;
		};
		40F170B71EDC74E900209E9D /* Resources */ = {
			isa = PBXResourcesBuildPhase;
			buildActionMask = 2147483647;
			files = (
			);
			runOnlyForDeploymentPostprocessing = 0;
		};
		40F170C21EDC74E900209E9D /* Resources */ = {
			isa = PBXResourcesBuildPhase;
			buildActionMask = 2147483647;
			files = (
			);
			runOnlyForDeploymentPostprocessing = 0;
		};
/* End PBXResourcesBuildPhase section */

/* Begin PBXShellScriptBuildPhase section */
		07C41CE1D7BCA16E6AD093CC /* [CP] Copy Pods Resources */ = {
			isa = PBXShellScriptBuildPhase;
			buildActionMask = 2147483647;
			files = (
			);
			inputPaths = (
			);
			name = "[CP] Copy Pods Resources";
			outputPaths = (
			);
			runOnlyForDeploymentPostprocessing = 0;
			shellPath = /bin/sh;
			shellScript = "\"${SRCROOT}/Pods/Target Support Files/Pods-Mock_G03_Cinema/Pods-Mock_G03_Cinema-resources.sh\"\n";
			showEnvVarsInLog = 0;
		};
		0D5CDB6B8AA90E9E7CABAE22 /* [CP] Embed Pods Frameworks */ = {
			isa = PBXShellScriptBuildPhase;
			buildActionMask = 2147483647;
			files = (
			);
			inputPaths = (
			);
			name = "[CP] Embed Pods Frameworks";
			outputPaths = (
			);
			runOnlyForDeploymentPostprocessing = 0;
			shellPath = /bin/sh;
			shellScript = "\"${SRCROOT}/Pods/Target Support Files/Pods-Mock_G03_CinemaUITests/Pods-Mock_G03_CinemaUITests-frameworks.sh\"\n";
			showEnvVarsInLog = 0;
		};
		48C9860E905194E61665FE98 /* [CP] Embed Pods Frameworks */ = {
			isa = PBXShellScriptBuildPhase;
			buildActionMask = 2147483647;
			files = (
			);
			inputPaths = (
			);
			name = "[CP] Embed Pods Frameworks";
			outputPaths = (
			);
			runOnlyForDeploymentPostprocessing = 0;
			shellPath = /bin/sh;
			shellScript = "\"${SRCROOT}/Pods/Target Support Files/Pods-Mock_G03_CinemaTests/Pods-Mock_G03_CinemaTests-frameworks.sh\"\n";
			showEnvVarsInLog = 0;
		};
		4A08C5CC77599B2B7863A03C /* [CP] Copy Pods Resources */ = {
			isa = PBXShellScriptBuildPhase;
			buildActionMask = 2147483647;
			files = (
			);
			inputPaths = (
			);
			name = "[CP] Copy Pods Resources";
			outputPaths = (
			);
			runOnlyForDeploymentPostprocessing = 0;
			shellPath = /bin/sh;
			shellScript = "\"${SRCROOT}/Pods/Target Support Files/Pods-Mock_G03_CinemaTests/Pods-Mock_G03_CinemaTests-resources.sh\"\n";
			showEnvVarsInLog = 0;
		};
		909EEF43E7919FF7D66C6332 /* [CP] Copy Pods Resources */ = {
			isa = PBXShellScriptBuildPhase;
			buildActionMask = 2147483647;
			files = (
			);
			inputPaths = (
			);
			name = "[CP] Copy Pods Resources";
			outputPaths = (
			);
			runOnlyForDeploymentPostprocessing = 0;
			shellPath = /bin/sh;
			shellScript = "\"${SRCROOT}/Pods/Target Support Files/Pods-Mock_G03_CinemaUITests/Pods-Mock_G03_CinemaUITests-resources.sh\"\n";
			showEnvVarsInLog = 0;
		};
		B38505EE275D22DA0861067E /* [CP] Embed Pods Frameworks */ = {
			isa = PBXShellScriptBuildPhase;
			buildActionMask = 2147483647;
			files = (
			);
			inputPaths = (
			);
			name = "[CP] Embed Pods Frameworks";
			outputPaths = (
			);
			runOnlyForDeploymentPostprocessing = 0;
			shellPath = /bin/sh;
			shellScript = "\"${SRCROOT}/Pods/Target Support Files/Pods-Mock_G03_Cinema/Pods-Mock_G03_Cinema-frameworks.sh\"\n";
			showEnvVarsInLog = 0;
		};
		DA2B35FA08B01A23C919842B /* [CP] Check Pods Manifest.lock */ = {
			isa = PBXShellScriptBuildPhase;
			buildActionMask = 2147483647;
			files = (
			);
			inputPaths = (
			);
			name = "[CP] Check Pods Manifest.lock";
			outputPaths = (
			);
			runOnlyForDeploymentPostprocessing = 0;
			shellPath = /bin/sh;
			shellScript = "diff \"${PODS_PODFILE_DIR_PATH}/Podfile.lock\" \"${PODS_ROOT}/Manifest.lock\" > /dev/null\nif [ $? != 0 ] ; then\n    # print error to STDERR\n    echo \"error: The sandbox is not in sync with the Podfile.lock. Run 'pod install' or update your CocoaPods installation.\" >&2\n    exit 1\nfi\n";
			showEnvVarsInLog = 0;
		};
		DBB6F0596BBEF203A42059DD /* [CP] Check Pods Manifest.lock */ = {
			isa = PBXShellScriptBuildPhase;
			buildActionMask = 2147483647;
			files = (
			);
			inputPaths = (
			);
			name = "[CP] Check Pods Manifest.lock";
			outputPaths = (
			);
			runOnlyForDeploymentPostprocessing = 0;
			shellPath = /bin/sh;
			shellScript = "diff \"${PODS_PODFILE_DIR_PATH}/Podfile.lock\" \"${PODS_ROOT}/Manifest.lock\" > /dev/null\nif [ $? != 0 ] ; then\n    # print error to STDERR\n    echo \"error: The sandbox is not in sync with the Podfile.lock. Run 'pod install' or update your CocoaPods installation.\" >&2\n    exit 1\nfi\n";
			showEnvVarsInLog = 0;
		};
		FE618FB45080FF6151A3517C /* [CP] Check Pods Manifest.lock */ = {
			isa = PBXShellScriptBuildPhase;
			buildActionMask = 2147483647;
			files = (
			);
			inputPaths = (
			);
			name = "[CP] Check Pods Manifest.lock";
			outputPaths = (
			);
			runOnlyForDeploymentPostprocessing = 0;
			shellPath = /bin/sh;
			shellScript = "diff \"${PODS_PODFILE_DIR_PATH}/Podfile.lock\" \"${PODS_ROOT}/Manifest.lock\" > /dev/null\nif [ $? != 0 ] ; then\n    # print error to STDERR\n    echo \"error: The sandbox is not in sync with the Podfile.lock. Run 'pod install' or update your CocoaPods installation.\" >&2\n    exit 1\nfi\n";
			showEnvVarsInLog = 0;
		};
/* End PBXShellScriptBuildPhase section */

/* Begin PBXSourcesBuildPhase section */
		40F1709E1EDC74E800209E9D /* Sources */ = {
			isa = PBXSourcesBuildPhase;
			buildActionMask = 2147483647;
			files = (
				40F170A81EDC74E800209E9D /* ViewController.swift in Sources */,
				408AE58B1EDF31A70070C398 /* AccountViewController.swift in Sources */,
				40F170A61EDC74E800209E9D /* AppDelegate.swift in Sources */,
				40F9BF141EE076AC002FFF64 /* AddUserInfoViewController.swift in Sources */,
				40E47C571EDEA91B004994CF /* LoginViewController.swift in Sources */,
				40F170AE1EDC74E800209E9D /* Mock_G03_Cinema.xcdatamodeld in Sources */,
				40DF47AE1EE14DD700399A6D /* ChangePasswordViewController.swift in Sources */,
			);
			runOnlyForDeploymentPostprocessing = 0;
		};
		40F170B51EDC74E900209E9D /* Sources */ = {
			isa = PBXSourcesBuildPhase;
			buildActionMask = 2147483647;
			files = (
				40F170BE1EDC74E900209E9D /* Mock_G03_CinemaTests.swift in Sources */,
			);
			runOnlyForDeploymentPostprocessing = 0;
		};
		40F170C01EDC74E900209E9D /* Sources */ = {
			isa = PBXSourcesBuildPhase;
			buildActionMask = 2147483647;
			files = (
				40F170C91EDC74E900209E9D /* Mock_G03_CinemaUITests.swift in Sources */,
			);
			runOnlyForDeploymentPostprocessing = 0;
		};
/* End PBXSourcesBuildPhase section */

/* Begin PBXTargetDependency section */
		40F170BB1EDC74E900209E9D /* PBXTargetDependency */ = {
			isa = PBXTargetDependency;
			target = 40F170A11EDC74E800209E9D /* Mock_G03_Cinema */;
			targetProxy = 40F170BA1EDC74E900209E9D /* PBXContainerItemProxy */;
		};
		40F170C61EDC74E900209E9D /* PBXTargetDependency */ = {
			isa = PBXTargetDependency;
			target = 40F170A11EDC74E800209E9D /* Mock_G03_Cinema */;
			targetProxy = 40F170C51EDC74E900209E9D /* PBXContainerItemProxy */;
		};
/* End PBXTargetDependency section */

/* Begin PBXVariantGroup section */
		40F170A91EDC74E800209E9D /* Main.storyboard */ = {
			isa = PBXVariantGroup;
			children = (
				40F170AA1EDC74E800209E9D /* Base */,
			);
			name = Main.storyboard;
			sourceTree = "<group>";
		};
		40F170B11EDC74E800209E9D /* LaunchScreen.storyboard */ = {
			isa = PBXVariantGroup;
			children = (
				40F170B21EDC74E800209E9D /* Base */,
			);
			name = LaunchScreen.storyboard;
			sourceTree = "<group>";
		};
/* End PBXVariantGroup section */

/* Begin XCBuildConfiguration section */
		40F170CB1EDC74E900209E9D /* Debug */ = {
			isa = XCBuildConfiguration;
			buildSettings = {
				ALWAYS_SEARCH_USER_PATHS = NO;
				CLANG_ANALYZER_NONNULL = YES;
				CLANG_ANALYZER_NUMBER_OBJECT_CONVERSION = YES_AGGRESSIVE;
				CLANG_CXX_LANGUAGE_STANDARD = "gnu++0x";
				CLANG_CXX_LIBRARY = "libc++";
				CLANG_ENABLE_MODULES = YES;
				CLANG_ENABLE_OBJC_ARC = YES;
				CLANG_WARN_BOOL_CONVERSION = YES;
				CLANG_WARN_CONSTANT_CONVERSION = YES;
				CLANG_WARN_DIRECT_OBJC_ISA_USAGE = YES_ERROR;
				CLANG_WARN_DOCUMENTATION_COMMENTS = YES;
				CLANG_WARN_EMPTY_BODY = YES;
				CLANG_WARN_ENUM_CONVERSION = YES;
				CLANG_WARN_INFINITE_RECURSION = YES;
				CLANG_WARN_INT_CONVERSION = YES;
				CLANG_WARN_OBJC_ROOT_CLASS = YES_ERROR;
				CLANG_WARN_SUSPICIOUS_MOVE = YES;
				CLANG_WARN_UNREACHABLE_CODE = YES;
				CLANG_WARN__DUPLICATE_METHOD_MATCH = YES;
				"CODE_SIGN_IDENTITY[sdk=iphoneos*]" = "iPhone Developer";
				COPY_PHASE_STRIP = NO;
				DEBUG_INFORMATION_FORMAT = dwarf;
				ENABLE_STRICT_OBJC_MSGSEND = YES;
				ENABLE_TESTABILITY = YES;
				GCC_C_LANGUAGE_STANDARD = gnu99;
				GCC_DYNAMIC_NO_PIC = NO;
				GCC_NO_COMMON_BLOCKS = YES;
				GCC_OPTIMIZATION_LEVEL = 0;
				GCC_PREPROCESSOR_DEFINITIONS = (
					"DEBUG=1",
					"$(inherited)",
				);
				GCC_WARN_64_TO_32_BIT_CONVERSION = YES;
				GCC_WARN_ABOUT_RETURN_TYPE = YES_ERROR;
				GCC_WARN_UNDECLARED_SELECTOR = YES;
				GCC_WARN_UNINITIALIZED_AUTOS = YES_AGGRESSIVE;
				GCC_WARN_UNUSED_FUNCTION = YES;
				GCC_WARN_UNUSED_VARIABLE = YES;
				IPHONEOS_DEPLOYMENT_TARGET = 10.3;
				MTL_ENABLE_DEBUG_INFO = YES;
				ONLY_ACTIVE_ARCH = YES;
				SDKROOT = iphoneos;
				SWIFT_ACTIVE_COMPILATION_CONDITIONS = DEBUG;
				SWIFT_OPTIMIZATION_LEVEL = "-Onone";
				TARGETED_DEVICE_FAMILY = "1,2";
			};
			name = Debug;
		};
		40F170CC1EDC74E900209E9D /* Release */ = {
			isa = XCBuildConfiguration;
			buildSettings = {
				ALWAYS_SEARCH_USER_PATHS = NO;
				CLANG_ANALYZER_NONNULL = YES;
				CLANG_ANALYZER_NUMBER_OBJECT_CONVERSION = YES_AGGRESSIVE;
				CLANG_CXX_LANGUAGE_STANDARD = "gnu++0x";
				CLANG_CXX_LIBRARY = "libc++";
				CLANG_ENABLE_MODULES = YES;
				CLANG_ENABLE_OBJC_ARC = YES;
				CLANG_WARN_BOOL_CONVERSION = YES;
				CLANG_WARN_CONSTANT_CONVERSION = YES;
				CLANG_WARN_DIRECT_OBJC_ISA_USAGE = YES_ERROR;
				CLANG_WARN_DOCUMENTATION_COMMENTS = YES;
				CLANG_WARN_EMPTY_BODY = YES;
				CLANG_WARN_ENUM_CONVERSION = YES;
				CLANG_WARN_INFINITE_RECURSION = YES;
				CLANG_WARN_INT_CONVERSION = YES;
				CLANG_WARN_OBJC_ROOT_CLASS = YES_ERROR;
				CLANG_WARN_SUSPICIOUS_MOVE = YES;
				CLANG_WARN_UNREACHABLE_CODE = YES;
				CLANG_WARN__DUPLICATE_METHOD_MATCH = YES;
				"CODE_SIGN_IDENTITY[sdk=iphoneos*]" = "iPhone Developer";
				COPY_PHASE_STRIP = NO;
				DEBUG_INFORMATION_FORMAT = "dwarf-with-dsym";
				ENABLE_NS_ASSERTIONS = NO;
				ENABLE_STRICT_OBJC_MSGSEND = YES;
				GCC_C_LANGUAGE_STANDARD = gnu99;
				GCC_NO_COMMON_BLOCKS = YES;
				GCC_WARN_64_TO_32_BIT_CONVERSION = YES;
				GCC_WARN_ABOUT_RETURN_TYPE = YES_ERROR;
				GCC_WARN_UNDECLARED_SELECTOR = YES;
				GCC_WARN_UNINITIALIZED_AUTOS = YES_AGGRESSIVE;
				GCC_WARN_UNUSED_FUNCTION = YES;
				GCC_WARN_UNUSED_VARIABLE = YES;
				IPHONEOS_DEPLOYMENT_TARGET = 10.3;
				MTL_ENABLE_DEBUG_INFO = NO;
				SDKROOT = iphoneos;
				SWIFT_OPTIMIZATION_LEVEL = "-Owholemodule";
				TARGETED_DEVICE_FAMILY = "1,2";
				VALIDATE_PRODUCT = YES;
			};
			name = Release;
		};
		40F170CE1EDC74E900209E9D /* Debug */ = {
			isa = XCBuildConfiguration;
			baseConfigurationReference = BBD621626F6F23B5F544373E /* Pods-Mock_G03_Cinema.debug.xcconfig */;
			buildSettings = {
				ASSETCATALOG_COMPILER_APPICON_NAME = AppIcon;
				INFOPLIST_FILE = Mock_G03_Cinema/Info.plist;
				LD_RUNPATH_SEARCH_PATHS = "$(inherited) @executable_path/Frameworks";
				PRODUCT_BUNDLE_IDENTIFIER = "NIT.Mock-G03-Cinema";
				PRODUCT_NAME = "$(TARGET_NAME)";
				SWIFT_VERSION = 3.0;
			};
			name = Debug;
		};
		40F170CF1EDC74E900209E9D /* Release */ = {
			isa = XCBuildConfiguration;
			baseConfigurationReference = 4CEA60C00F86DB4E5A9010EF /* Pods-Mock_G03_Cinema.release.xcconfig */;
			buildSettings = {
				ASSETCATALOG_COMPILER_APPICON_NAME = AppIcon;
				INFOPLIST_FILE = Mock_G03_Cinema/Info.plist;
				LD_RUNPATH_SEARCH_PATHS = "$(inherited) @executable_path/Frameworks";
				PRODUCT_BUNDLE_IDENTIFIER = "NIT.Mock-G03-Cinema";
				PRODUCT_NAME = "$(TARGET_NAME)";
				SWIFT_VERSION = 3.0;
			};
			name = Release;
		};
		40F170D11EDC74E900209E9D /* Debug */ = {
			isa = XCBuildConfiguration;
			baseConfigurationReference = 51712D05FEC20ECCA54D249A /* Pods-Mock_G03_CinemaTests.debug.xcconfig */;
			buildSettings = {
				ALWAYS_EMBED_SWIFT_STANDARD_LIBRARIES = YES;
				BUNDLE_LOADER = "$(TEST_HOST)";
				INFOPLIST_FILE = Mock_G03_CinemaTests/Info.plist;
				LD_RUNPATH_SEARCH_PATHS = "$(inherited) @executable_path/Frameworks @loader_path/Frameworks";
				PRODUCT_BUNDLE_IDENTIFIER = "NIT.Mock-G03-CinemaTests";
				PRODUCT_NAME = "$(TARGET_NAME)";
				SWIFT_VERSION = 3.0;
				TEST_HOST = "$(BUILT_PRODUCTS_DIR)/Mock_G03_Cinema.app/Mock_G03_Cinema";
			};
			name = Debug;
		};
		40F170D21EDC74E900209E9D /* Release */ = {
			isa = XCBuildConfiguration;
			baseConfigurationReference = A4784D4000FE7AF1C742AE0B /* Pods-Mock_G03_CinemaTests.release.xcconfig */;
			buildSettings = {
				ALWAYS_EMBED_SWIFT_STANDARD_LIBRARIES = YES;
				BUNDLE_LOADER = "$(TEST_HOST)";
				INFOPLIST_FILE = Mock_G03_CinemaTests/Info.plist;
				LD_RUNPATH_SEARCH_PATHS = "$(inherited) @executable_path/Frameworks @loader_path/Frameworks";
				PRODUCT_BUNDLE_IDENTIFIER = "NIT.Mock-G03-CinemaTests";
				PRODUCT_NAME = "$(TARGET_NAME)";
				SWIFT_VERSION = 3.0;
				TEST_HOST = "$(BUILT_PRODUCTS_DIR)/Mock_G03_Cinema.app/Mock_G03_Cinema";
			};
			name = Release;
		};
		40F170D41EDC74E900209E9D /* Debug */ = {
			isa = XCBuildConfiguration;
			baseConfigurationReference = F7B2B9F5ABBAA4169E49B300 /* Pods-Mock_G03_CinemaUITests.debug.xcconfig */;
			buildSettings = {
				ALWAYS_EMBED_SWIFT_STANDARD_LIBRARIES = YES;
				INFOPLIST_FILE = Mock_G03_CinemaUITests/Info.plist;
				LD_RUNPATH_SEARCH_PATHS = "$(inherited) @executable_path/Frameworks @loader_path/Frameworks";
				PRODUCT_BUNDLE_IDENTIFIER = "NIT.Mock-G03-CinemaUITests";
				PRODUCT_NAME = "$(TARGET_NAME)";
				SWIFT_VERSION = 3.0;
				TEST_TARGET_NAME = Mock_G03_Cinema;
			};
			name = Debug;
		};
		40F170D51EDC74E900209E9D /* Release */ = {
			isa = XCBuildConfiguration;
			baseConfigurationReference = 5734147500B31A0A23140EEE /* Pods-Mock_G03_CinemaUITests.release.xcconfig */;
			buildSettings = {
				ALWAYS_EMBED_SWIFT_STANDARD_LIBRARIES = YES;
				INFOPLIST_FILE = Mock_G03_CinemaUITests/Info.plist;
				LD_RUNPATH_SEARCH_PATHS = "$(inherited) @executable_path/Frameworks @loader_path/Frameworks";
				PRODUCT_BUNDLE_IDENTIFIER = "NIT.Mock-G03-CinemaUITests";
				PRODUCT_NAME = "$(TARGET_NAME)";
				SWIFT_VERSION = 3.0;
				TEST_TARGET_NAME = Mock_G03_Cinema;
			};
			name = Release;
		};
/* End XCBuildConfiguration section */

/* Begin XCConfigurationList section */
		40F1709D1EDC74E800209E9D /* Build configuration list for PBXProject "Mock_G03_Cinema" */ = {
			isa = XCConfigurationList;
			buildConfigurations = (
				40F170CB1EDC74E900209E9D /* Debug */,
				40F170CC1EDC74E900209E9D /* Release */,
			);
			defaultConfigurationIsVisible = 0;
			defaultConfigurationName = Release;
		};
		40F170CD1EDC74E900209E9D /* Build configuration list for PBXNativeTarget "Mock_G03_Cinema" */ = {
			isa = XCConfigurationList;
			buildConfigurations = (
				40F170CE1EDC74E900209E9D /* Debug */,
				40F170CF1EDC74E900209E9D /* Release */,
			);
			defaultConfigurationIsVisible = 0;
			defaultConfigurationName = Release;
		};
		40F170D01EDC74E900209E9D /* Build configuration list for PBXNativeTarget "Mock_G03_CinemaTests" */ = {
			isa = XCConfigurationList;
			buildConfigurations = (
				40F170D11EDC74E900209E9D /* Debug */,
				40F170D21EDC74E900209E9D /* Release */,
			);
			defaultConfigurationIsVisible = 0;
			defaultConfigurationName = Release;
		};
		40F170D31EDC74E900209E9D /* Build configuration list for PBXNativeTarget "Mock_G03_CinemaUITests" */ = {
			isa = XCConfigurationList;
			buildConfigurations = (
				40F170D41EDC74E900209E9D /* Debug */,
				40F170D51EDC74E900209E9D /* Release */,
			);
			defaultConfigurationIsVisible = 0;
			defaultConfigurationName = Release;
		};
/* End XCConfigurationList section */

/* Begin XCVersionGroup section */
		40F170AC1EDC74E800209E9D /* Mock_G03_Cinema.xcdatamodeld */ = {
			isa = XCVersionGroup;
			children = (
				40F170AD1EDC74E800209E9D /* Mock_G03_Cinema.xcdatamodel */,
			);
			currentVersion = 40F170AD1EDC74E800209E9D /* Mock_G03_Cinema.xcdatamodel */;
			path = Mock_G03_Cinema.xcdatamodeld;
			sourceTree = "<group>";
			versionGroupType = wrapper.xcdatamodel;
		};
/* End XCVersionGroup section */
	};
	rootObject = 40F1709A1EDC74E800209E9D /* Project object */;
}
